
Microsoft Visual Studio Solution File, Format Version 12.00
# Visual Studio Version 17
VisualStudioVersion = 17.0.32014.148
MinimumVisualStudioVersion = 10.0.40219.1
Project("{FAE04EC0-301F-11D3-BF4B-00C04F79EFBC}") = "AsyncAwaitDemo", "AsyncAwaitDemo\AsyncAwaitDemo.csproj", "{9A3F5153-C9AD-4CD7-8410-3B55DF0FDD54}"
EndProject
Global
	GlobalSection(SolutionConfigurationPlatforms) = preSolution
		Debug|Any CPU = Debug|Any CPU
		Release|Any CPU = Release|Any CPU
	EndGlobalSection
	GlobalSection(ProjectConfigurationPlatforms) = postSolution
		{9A3F5153-C9AD-4CD7-8410-3B55DF0FDD54}.Debug|Any CPU.ActiveCfg = Debug|Any CPU
		{9A3F5153-C9AD-4CD7-8410-3B55DF0FDD54}.Debug|Any CPU.Build.0 = Debug|Any CPU
		{9A3F5153-C9AD-4CD7-8410-3B55DF0FDD54}.Release|Any CPU.ActiveCfg = Release|Any CPU
		{9A3F5153-C9AD-4CD7-8410-3B55DF0FDD54}.Release|Any CPU.Build.0 = Release|Any CPU
	EndGlobalSection
	GlobalSection(SolutionProperties) = preSolution
		HideSolutionNode = FALSE
	EndGlobalSection
	GlobalSection(ExtensibilityGlobals) = postSolution
		SolutionGuid = {9F045DA9-8362-47E6-AA80-222BD695AF28}
	EndGlobalSection
EndGlobal
